{
  "nodes": {
    "nixpkgs": {
      "locked": {
        "lastModified": 1786089803,
        "narHash": "sha256-ZuvZfVW2tB5tXYEcpcfhVXB3N4OhdZLOqOviy4OD4b4=",
        "owner": "NixOS",
        "repo": "nixpkgs",
        "rev": "ee48b147c18c7de1e6ec97dc74792be42724bed1",
        "type": "github"
      },
      "original": {
        "owner": "NixOS",
        "ref": "nixos-26.05",
        "repo": "nixpkgs",
        "type": "github"
      }
    },
    "paseo": {
      "inputs": {
        "nixpkgs": [
          "nixpkgs"
        ]
      },
      "locked": {
        "lastModified": 1786287540,
        "narHash": "sha256-IlC7jc5LTZqEKWDWHlHT0cyGUd9zt0JmDjr0MVpbxaY=",
        "owner": "getpaseo",
        "repo": "paseo",
        "rev": "ccb4e444ed556c3ae6a8a98a22c9499ce8287a85",
        "type": "github"
      },
      "original": {
        "owner": "getpaseo",
        "repo": "paseo",
        "type": "github"
      }
    },
    "paseo-relay": {
      "flake": false,
      "locked": {
        "lastModified": 1785929843,
        "narHash": "sha256-Zoa+02YMAgsqrDY31OSXR6tIur9okxFvKIDWfk0mmQM=",
        "owner": "getpaseo",
        "repo": "paseo-relay",
        "rev": "7e52c8c7c96f1b8049c39acb5208012c57eb0af0",
        "type": "github"
      },
      "original": {
        "owner": "getpaseo",
        "repo": "paseo-relay",
        "type": "github"
      }
    },
    "root": {
      "inputs": {
        "nixpkgs": "nixpkgs",
        "paseo": "paseo",
        "paseo-relay": "paseo-relay"
      }
    }
  },
  "root": "root",
  "version": 7
}
